
Microsoft Visual Studio Solution File, Format Version 12.00
# Visual Studio Version 17
VisualStudioVersion = 17.4.33110.190
MinimumVisualStudioVersion = 10.0.40219.1
Project("{9A19103F-16F7-4668-BE54-9A1E7A4F7556}") = "BowlingWithFrame", "BowlingWithFrame\BowlingWithFrame.csproj", "{D56D0B6B-8CA5-4262-B8ED-70577EFF972F}"
EndProject
Project("{9A19103F-16F7-4668-BE54-9A1E7A4F7556}") = "BowlingTest", "BowlingTest\BowlingTest.csproj", "{F00661BC-3180-4E50-9CB1-C18808CC11CE}"
EndProject
Project("{FAE04EC0-301F-11D3-BF4B-00C04F79EFBC}") = "BowlingTestMSTest", "BowlingTestMSTest\BowlingTestMSTest.csproj", "{ACA5E367-039D-4B51-9249-D761243A09F1}"
EndProject
Global
	GlobalSection(SolutionConfigurationPlatforms) = preSolution
		Debug|Any CPU = Debug|Any CPU
		Release|Any CPU = Release|Any CPU
	EndGlobalSection
	GlobalSection(ProjectConfigurationPlatforms) = postSolution
		{D56D0B6B-8CA5-4262-B8ED-70577EFF972F}.Debug|Any CPU.ActiveCfg = Debug|Any CPU
		{D56D0B6B-8CA5-4262-B8ED-70577EFF972F}.Debug|Any CPU.Build.0 = Debug|Any CPU
		{D56D0B6B-8CA5-4262-B8ED-70577EFF972F}.Release|Any CPU.ActiveCfg = Release|Any CPU
		{D56D0B6B-8CA5-4262-B8ED-70577EFF972F}.Release|Any CPU.Build.0 = Release|Any CPU
		{F00661BC-3180-4E50-9CB1-C18808CC11CE}.Debug|Any CPU.ActiveCfg = Debug|Any CPU
		{F00661BC-3180-4E50-9CB1-C18808CC11CE}.Debug|Any CPU.Build.0 = Debug|Any CPU
		{F00661BC-3180-4E50-9CB1-C18808CC11CE}.Release|Any CPU.ActiveCfg = Release|Any CPU
		{F00661BC-3180-4E50-9CB1-C18808CC11CE}.Release|Any CPU.Build.0 = Release|Any CPU
		{ACA5E367-039D-4B51-9249-D761243A09F1}.Debug|Any CPU.ActiveCfg = Debug|Any CPU
		{ACA5E367-039D-4B51-9249-D761243A09F1}.Debug|Any CPU.Build.0 = Debug|Any CPU
		{ACA5E367-039D-4B51-9249-D761243A09F1}.Release|Any CPU.ActiveCfg = Release|Any CPU
		{ACA5E367-039D-4B51-9249-D761243A09F1}.Release|Any CPU.Build.0 = Release|Any CPU
	EndGlobalSection
	GlobalSection(SolutionProperties) = preSolution
		HideSolutionNode = FALSE
	EndGlobalSection
	GlobalSection(ExtensibilityGlobals) = postSolution
		SolutionGuid = {F558C468-6BEF-4BAC-A16D-A32D15049A1E}
	EndGlobalSection
EndGlobal
